
Microsoft Visual Studio Solution File, Format Version 12.00
# Visual Studio Version 17
VisualStudioVersion = 17.9.34728.123
MinimumVisualStudioVersion = 10.0.40219.1
Project("{9A19103F-16F7-4668-BE54-9A1E7A4F7556}") = "HoneyRaesAPI", "HoneyRaesAPI.csproj", "{DE7736E8-0CFA-4B46-9B0D-B26406B485C3}"
EndProject
Global
	GlobalSection(SolutionConfigurationPlatforms) = preSolution
		Debug|Any CPU = Debug|Any CPU
		Release|Any CPU = Release|Any CPU
	EndGlobalSection
	GlobalSection(ProjectConfigurationPlatforms) = postSolution
		{DE7736E8-0CFA-4B46-9B0D-B26406B485C3}.Debug|Any CPU.ActiveCfg = Debug|Any CPU
		{DE7736E8-0CFA-4B46-9B0D-B26406B485C3}.Debug|Any CPU.Build.0 = Debug|Any CPU
		{DE7736E8-0CFA-4B46-9B0D-B26406B485C3}.Release|Any CPU.ActiveCfg = Release|Any CPU
		{DE7736E8-0CFA-4B46-9B0D-B26406B485C3}.Release|Any CPU.Build.0 = Release|Any CPU
	EndGlobalSection
	GlobalSection(SolutionProperties) = preSolution
		HideSolutionNode = FALSE
	EndGlobalSection
	GlobalSection(ExtensibilityGlobals) = postSolution
		SolutionGuid = {2F482A0A-F7A1-4D45-8BF9-4A34290B56B7}
	EndGlobalSection
EndGlobal
